// !$*UTF8*$!
{
	archiveVersion = 1;
	classes = {
	};
	objectVersion = 46;
	objects = {

/* Begin PBXBuildFile section */
		764FE7A61D8699DE00E89040 /* AppDelegate.swift in Sources */ = {isa = PBXBuildFile; fileRef = 764FE7A51D8699DE00E89040 /* AppDelegate.swift */; };
		764FE7A81D8699DE00E89040 /* ViewController.swift in Sources */ = {isa = PBXBuildFile; fileRef = 764FE7A71D8699DE00E89040 /* ViewController.swift */; };
		764FE7AB1D8699DF00E89040 /* Main.storyboard in Resources */ = {isa = PBXBuildFile; fileRef = 764FE7A91D8699DF00E89040 /* Main.storyboard */; };
		764FE7AD1D8699DF00E89040 /* Assets.xcassets in Resources */ = {isa = PBXBuildFile; fileRef = 764FE7AC1D8699DF00E89040 /* Assets.xcassets */; };
		764FE7B01D8699DF00E89040 /* LaunchScreen.storyboard in Resources */ = {isa = PBXBuildFile; fileRef = 764FE7AE1D8699DF00E89040 /* LaunchScreen.storyboard */; };
		764FE7BB1D8699DF00E89040 /* togetherideTests.swift in Sources */ = {isa = PBXBuildFile; fileRef = 764FE7BA1D8699DF00E89040 /* togetherideTests.swift */; };
		764FE7C61D8699DF00E89040 /* togetherideUITests.swift in Sources */ = {isa = PBXBuildFile; fileRef = 764FE7C51D8699DF00E89040 /* togetherideUITests.swift */; };
/* End PBXBuildFile section */

/* Begin PBXContainerItemProxy section */
		764FE7B71D8699DF00E89040 /* PBXContainerItemProxy */ = {
			isa = PBXContainerItemProxy;
			containerPortal = 764FE79A1D8699DD00E89040 /* Project object */;
			proxyType = 1;
			remoteGlobalIDString = 764FE7A11D8699DD00E89040;
			remoteInfo = togetheride;
		};
		764FE7C21D8699DF00E89040 /* PBXContainerItemProxy */ = {
			isa = PBXContainerItemProxy;
			containerPortal = 764FE79A1D8699DD00E89040 /* Project object */;
			proxyType = 1;
			remoteGlobalIDString = 764FE7A11D8699DD00E89040;
			remoteInfo = togetheride;
		};
		764FE8141D870AC200E89040 /* PBXContainerItemProxy */ = {
			isa = PBXContainerItemProxy;
			containerPortal = 764FE80E1D870ABD00E89040 /* map.xcodeproj */;
			proxyType = 2;
			remoteGlobalIDString = 764FE7DD1D870ABD00E89040;
			remoteInfo = map;
		};
		764FE8161D870AC200E89040 /* PBXContainerItemProxy */ = {
			isa = PBXContainerItemProxy;
			containerPortal = 764FE80E1D870ABD00E89040 /* map.xcodeproj */;
			proxyType = 2;
			remoteGlobalIDString = 764FE7F11D870ABD00E89040;
			remoteInfo = mapTests;
		};
		764FE8181D870AC200E89040 /* PBXContainerItemProxy */ = {
			isa = PBXContainerItemProxy;
			containerPortal = 764FE80E1D870ABD00E89040 /* map.xcodeproj */;
			proxyType = 2;
			remoteGlobalIDString = 764FE7FC1D870ABD00E89040;
			remoteInfo = mapUITests;
		};
/* End PBXContainerItemProxy section */

/* Begin PBXFileReference section */
		764FE7A21D8699DE00E89040 /* togetheride.app */ = {isa = PBXFileReference; explicitFileType = wrapper.application; includeInIndex = 0; path = togetheride.app; sourceTree = BUILT_PRODUCTS_DIR; };
		764FE7A51D8699DE00E89040 /* AppDelegate.swift */ = {isa = PBXFileReference; lastKnownFileType = sourcecode.swift; path = AppDelegate.swift; sourceTree = "<group>"; };
		764FE7A71D8699DE00E89040 /* ViewController.swift */ = {isa = PBXFileReference; lastKnownFileType = sourcecode.swift; path = ViewController.swift; sourceTree = "<group>"; };
		764FE7AA1D8699DF00E89040 /* Base */ = {isa = PBXFileReference; lastKnownFileType = file.storyboard; name = Base; path = Base.lproj/Main.storyboard; sourceTree = "<group>"; };
		764FE7AC1D8699DF00E89040 /* Assets.xcassets */ = {isa = PBXFileReference; lastKnownFileType = folder.assetcatalog; path = Assets.xcassets; sourceTree = "<group>"; };
		764FE7AF1D8699DF00E89040 /* Base */ = {isa = PBXFileReference; lastKnownFileType = file.storyboard; name = Base; path = Base.lproj/LaunchScreen.storyboard; sourceTree = "<group>"; };
		764FE7B11D8699DF00E89040 /* Info.plist */ = {isa = PBXFileReference; lastKnownFileType = text.plist.xml; path = Info.plist; sourceTree = "<group>"; };
		764FE7B61D8699DF00E89040 /* togetherideTests.xctest */ = {isa = PBXFileReference; explicitFileType = wrapper.cfbundle; includeInIndex = 0; path = togetherideTests.xctest; sourceTree = BUILT_PRODUCTS_DIR; };
		764FE7BA1D8699DF00E89040 /* togetherideTests.swift */ = {isa = PBXFileReference; lastKnownFileType = sourcecode.swift; path = togetherideTests.swift; sourceTree = "<group>"; };
		764FE7BC1D8699DF00E89040 /* Info.plist */ = {isa = PBXFileReference; lastKnownFileType = text.plist.xml; path = Info.plist; sourceTree = "<group>"; };
		764FE7C11D8699DF00E89040 /* togetherideUITests.xctest */ = {isa = PBXFileReference; explicitFileType = wrapper.cfbundle; includeInIndex = 0; path = togetherideUITests.xctest; sourceTree = BUILT_PRODUCTS_DIR; };
		764FE7C51D8699DF00E89040 /* togetherideUITests.swift */ = {isa = PBXFileReference; lastKnownFileType = sourcecode.swift; path = togetherideUITests.swift; sourceTree = "<group>"; };
		764FE7C71D8699DF00E89040 /* Info.plist */ = {isa = PBXFileReference; lastKnownFileType = text.plist.xml; path = Info.plist; sourceTree = "<group>"; };
		764FE80E1D870ABD00E89040 /* map.xcodeproj */ = {isa = PBXFileReference; lastKnownFileType = "wrapper.pb-project"; name = map.xcodeproj; path = map/map.xcodeproj; sourceTree = "<group>"; };
/* End PBXFileReference section */

/* Begin PBXFrameworksBuildPhase section */
		764FE79F1D8699DD00E89040 /* Frameworks */ = {
			isa = PBXFrameworksBuildPhase;
			buildActionMask = 2147483647;
			files = (
			);
			runOnlyForDeploymentPostprocessing = 0;
		};
		764FE7B31D8699DF00E89040 /* Frameworks */ = {
			isa = PBXFrameworksBuildPhase;
			buildActionMask = 2147483647;
			files = (
			);
			runOnlyForDeploymentPostprocessing = 0;
		};
		764FE7BE1D8699DF00E89040 /* Frameworks */ = {
			isa = PBXFrameworksBuildPhase;
			buildActionMask = 2147483647;
			files = (
			);
			runOnlyForDeploymentPostprocessing = 0;
		};
/* End PBXFrameworksBuildPhase section */

/* Begin PBXGroup section */
		764FE7991D8699DD00E89040 = {
			isa = PBXGroup;
			children = (
				764FE7A41D8699DE00E89040 /* togetheride */,
				764FE7B91D8699DF00E89040 /* togetherideTests */,
				764FE7C41D8699DF00E89040 /* togetherideUITests */,
				764FE7A31D8699DE00E89040 /* Products */,
			);
			sourceTree = "<group>";
		};
		764FE7A31D8699DE00E89040 /* Products */ = {
			isa = PBXGroup;
			children = (
				764FE7A21D8699DE00E89040 /* togetheride.app */,
				764FE7B61D8699DF00E89040 /* togetherideTests.xctest */,
				764FE7C11D8699DF00E89040 /* togetherideUITests.xctest */,
			);
			name = Products;
			sourceTree = "<group>";
		};
		764FE7A41D8699DE00E89040 /* togetheride */ = {
			isa = PBXGroup;
			children = (
				764FE80E1D870ABD00E89040 /* map.xcodeproj */,
				764FE7A51D8699DE00E89040 /* AppDelegate.swift */,
				764FE7A71D8699DE00E89040 /* ViewController.swift */,
				764FE7A91D8699DF00E89040 /* Main.storyboard */,
				764FE7AC1D8699DF00E89040 /* Assets.xcassets */,
				764FE7AE1D8699DF00E89040 /* LaunchScreen.storyboard */,
				764FE7B11D8699DF00E89040 /* Info.plist */,
			);
			path = togetheride;
			sourceTree = "<group>";
		};
		764FE7B91D8699DF00E89040 /* togetherideTests */ = {
			isa = PBXGroup;
			children = (
				764FE7BA1D8699DF00E89040 /* togetherideTests.swift */,
				764FE7BC1D8699DF00E89040 /* Info.plist */,
			);
			path = togetherideTests;
			sourceTree = "<group>";
		};
		764FE7C41D8699DF00E89040 /* togetherideUITests */ = {
			isa = PBXGroup;
			children = (
				764FE7C51D8699DF00E89040 /* togetherideUITests.swift */,
				764FE7C71D8699DF00E89040 /* Info.plist */,
			);
			path = togetherideUITests;
			sourceTree = "<group>";
		};
		764FE80F1D870ABD00E89040 /* Products */ = {
			isa = PBXGroup;
			children = (
				764FE8151D870AC200E89040 /* map.app */,
				764FE8171D870AC200E89040 /* mapTests.xctest */,
				764FE8191D870AC200E89040 /* mapUITests.xctest */,
			);
			name = Products;
			sourceTree = "<group>";
		};
/* End PBXGroup section */

/* Begin PBXNativeTarget section */
		764FE7A11D8699DD00E89040 /* togetheride */ = {
			isa = PBXNativeTarget;
			buildConfigurationList = 764FE7CA1D8699DF00E89040 /* Build configuration list for PBXNativeTarget "togetheride" */;
			buildPhases = (
				764FE79E1D8699DD00E89040 /* Sources */,
				764FE79F1D8699DD00E89040 /* Frameworks */,
				764FE7A01D8699DD00E89040 /* Resources */,
				764FE7D31D8702C800E89040 /* ShellScript */,
			);
			buildRules = (
			);
			dependencies = (
			);
			name = togetheride;
			productName = togetheride;
			productReference = 764FE7A21D8699DE00E89040 /* togetheride.app */;
			productType = "com.apple.product-type.application";
		};
		764FE7B51D8699DF00E89040 /* togetherideTests */ = {
			isa = PBXNativeTarget;
			buildConfigurationList = 764FE7CD1D8699DF00E89040 /* Build configuration list for PBXNativeTarget "togetherideTests" */;
			buildPhases = (
				764FE7B21D8699DF00E89040 /* Sources */,
				764FE7B31D8699DF00E89040 /* Frameworks */,
				764FE7B41D8699DF00E89040 /* Resources */,
			);
			buildRules = (
			);
			dependencies = (
				764FE7B81D8699DF00E89040 /* PBXTargetDependency */,
			);
			name = togetherideTests;
			productName = togetherideTests;
			productReference = 764FE7B61D8699DF00E89040 /* togetherideTests.xctest */;
			productType = "com.apple.product-type.bundle.unit-test";
		};
		764FE7C01D8699DF00E89040 /* togetherideUITests */ = {
			isa = PBXNativeTarget;
			buildConfigurationList = 764FE7D01D8699DF00E89040 /* Build configuration list for PBXNativeTarget "togetherideUITests" */;
			buildPhases = (
				764FE7BD1D8699DF00E89040 /* Sources */,
				764FE7BE1D8699DF00E89040 /* Frameworks */,
				764FE7BF1D8699DF00E89040 /* Resources */,
			);
			buildRules = (
			);
			dependencies = (
				764FE7C31D8699DF00E89040 /* PBXTargetDependency */,
			);
			name = togetherideUITests;
			productName = togetherideUITests;
			productReference = 764FE7C11D8699DF00E89040 /* togetherideUITests.xctest */;
			productType = "com.apple.product-type.bundle.ui-testing";
		};
/* End PBXNativeTarget section */

/* Begin PBXProject section */
		764FE79A1D8699DD00E89040 /* Project object */ = {
			isa = PBXProject;
			attributes = {
				LastSwiftUpdateCheck = 0730;
				LastUpgradeCheck = 0730;
				ORGANIZATIONNAME = "Sean Zeph";
				TargetAttributes = {
					764FE7A11D8699DD00E89040 = {
						CreatedOnToolsVersion = 7.3.1;
					};
					764FE7B51D8699DF00E89040 = {
						CreatedOnToolsVersion = 7.3.1;
						TestTargetID = 764FE7A11D8699DD00E89040;
					};
					764FE7C01D8699DF00E89040 = {
						CreatedOnToolsVersion = 7.3.1;
						TestTargetID = 764FE7A11D8699DD00E89040;
					};
				};
			};
			buildConfigurationList = 764FE79D1D8699DD00E89040 /* Build configuration list for PBXProject "togetheride" */;
			compatibilityVersion = "Xcode 3.2";
			developmentRegion = English;
			hasScannedForEncodings = 0;
			knownRegions = (
				en,
				Base,
			);
			mainGroup = 764FE7991D8699DD00E89040;
			productRefGroup = 764FE7A31D8699DE00E89040 /* Products */;
			projectDirPath = "";
			projectReferences = (
				{
					ProductGroup = 764FE80F1D870ABD00E89040 /* Products */;
					ProjectRef = 764FE80E1D870ABD00E89040 /* map.xcodeproj */;
				},
			);
			projectRoot = "";
			targets = (
				764FE7A11D8699DD00E89040 /* togetheride */,
				764FE7B51D8699DF00E89040 /* togetherideTests */,
				764FE7C01D8699DF00E89040 /* togetherideUITests */,
			);
		};
/* End PBXProject section */

/* Begin PBXReferenceProxy section */
		764FE8151D870AC200E89040 /* map.app */ = {
			isa = PBXReferenceProxy;
			fileType = wrapper.application;
			path = map.app;
			remoteRef = 764FE8141D870AC200E89040 /* PBXContainerItemProxy */;
			sourceTree = BUILT_PRODUCTS_DIR;
		};
		764FE8171D870AC200E89040 /* mapTests.xctest */ = {
			isa = PBXReferenceProxy;
			fileType = wrapper.cfbundle;
			path = mapTests.xctest;
			remoteRef = 764FE8161D870AC200E89040 /* PBXContainerItemProxy */;
			sourceTree = BUILT_PRODUCTS_DIR;
		};
		764FE8191D870AC200E89040 /* mapUITests.xctest */ = {
			isa = PBXReferenceProxy;
			fileType = wrapper.cfbundle;
			path = mapUITests.xctest;
			remoteRef = 764FE8181D870AC200E89040 /* PBXContainerItemProxy */;
			sourceTree = BUILT_PRODUCTS_DIR;
		};
/* End PBXReferenceProxy section */

/* Begin PBXResourcesBuildPhase section */
		764FE7A01D8699DD00E89040 /* Resources */ = {
			isa = PBXResourcesBuildPhase;
			buildActionMask = 2147483647;
			files = (
				764FE7B01D8699DF00E89040 /* LaunchScreen.storyboard in Resources */,
				764FE7AD1D8699DF00E89040 /* Assets.xcassets in Resources */,
				764FE7AB1D8699DF00E89040 /* Main.storyboard in Resources */,
			);
			runOnlyForDeploymentPostprocessing = 0;
		};
		764FE7B41D8699DF00E89040 /* Resources */ = {
			isa = PBXResourcesBuildPhase;
			buildActionMask = 2147483647;
			files = (
			);
			runOnlyForDeploymentPostprocessing = 0;
		};
		764FE7BF1D8699DF00E89040 /* Resources */ = {
			isa = PBXResourcesBuildPhase;
			buildActionMask = 2147483647;
			files = (
			);
			runOnlyForDeploymentPostprocessing = 0;
		};
/* End PBXResourcesBuildPhase section */

/* Begin PBXShellScriptBuildPhase section */
		764FE7D31D8702C800E89040 /* ShellScript */ = {
			isa = PBXShellScriptBuildPhase;
			buildActionMask = 2147483647;
			files = (
			);
			inputPaths = (
			);
			outputPaths = (
			);
			runOnlyForDeploymentPostprocessing = 0;
			shellPath = /bin/sh;
			shellScript = "./Fabric.framework/run 840c1ed08aa346eb2525224bb3c90f8ad6d07d87 90b4fa50caa6d90e323c464dc283ba11a32f24837d92c66c5fe218def7e6301b";
		};
/* End PBXShellScriptBuildPhase section */

/* Begin PBXSourcesBuildPhase section */
		764FE79E1D8699DD00E89040 /* Sources */ = {
			isa = PBXSourcesBuildPhase;
			buildActionMask = 2147483647;
			files = (
				764FE7A81D8699DE00E89040 /* ViewController.swift in Sources */,
				764FE7A61D8699DE00E89040 /* AppDelegate.swift in Sources */,
			);
			runOnlyForDeploymentPostprocessing = 0;
		};
		764FE7B21D8699DF00E89040 /* Sources */ = {
			isa = PBXSourcesBuildPhase;
			buildActionMask = 2147483647;
			files = (
				764FE7BB1D8699DF00E89040 /* togetherideTests.swift in Sources */,
			);
			runOnlyForDeploymentPostprocessing = 0;
		};
		764FE7BD1D8699DF00E89040 /* Sources */ = {
			isa = PBXSourcesBuildPhase;
			buildActionMask = 2147483647;
			files = (
				764FE7C61D8699DF00E89040 /* togetherideUITests.swift in Sources */,
			);
			runOnlyForDeploymentPostprocessing = 0;
		};
/* End PBXSourcesBuildPhase section */

/* Begin PBXTargetDependency section */
		764FE7B81D8699DF00E89040 /* PBXTargetDependency */ = {
			isa = PBXTargetDependency;
			target = 764FE7A11D8699DD00E89040 /* togetheride */;
			targetProxy = 764FE7B71D8699DF00E89040 /* PBXContainerItemProxy */;
		};
		764FE7C31D8699DF00E89040 /* PBXTargetDependency */ = {
			isa = PBXTargetDependency;
			target = 764FE7A11D8699DD00E89040 /* togetheride */;
			targetProxy = 764FE7C21D8699DF00E89040 /* PBXContainerItemProxy */;
		};
/* End PBXTargetDependency section */

/* Begin PBXVariantGroup section */
		764FE7A91D8699DF00E89040 /* Main.storyboard */ = {
			isa = PBXVariantGroup;
			children = (
				764FE7AA1D8699DF00E89040 /* Base */,
			);
			name = Main.storyboard;
			sourceTree = "<group>";
		};
		764FE7AE1D8699DF00E89040 /* LaunchScreen.storyboard */ = {
			isa = PBXVariantGroup;
			children = (
				764FE7AF1D8699DF00E89040 /* Base */,
			);
			name = LaunchScreen.storyboard;
			sourceTree = "<group>";
		};
/* End PBXVariantGroup section */

/* Begin XCBuildConfiguration section */
		764FE7C81D8699DF00E89040 /* Debug */ = {
			isa = XCBuildConfiguration;
			buildSettings = {
				ALWAYS_SEARCH_USER_PATHS = NO;
				CLANG_ANALYZER_NONNULL = YES;
				CLANG_CXX_LANGUAGE_STANDARD = "gnu++0x";
				CLANG_CXX_LIBRARY = "libc++";
				CLANG_ENABLE_MODULES = YES;
				CLANG_ENABLE_OBJC_ARC = YES;
				CLANG_WARN_BOOL_CONVERSION = YES;
				CLANG_WARN_CONSTANT_CONVERSION = YES;
				CLANG_WARN_DIRECT_OBJC_ISA_USAGE = YES_ERROR;
				CLANG_WARN_EMPTY_BODY = YES;
				CLANG_WARN_ENUM_CONVERSION = YES;
				CLANG_WARN_INT_CONVERSION = YES;
				CLANG_WARN_OBJC_ROOT_CLASS = YES_ERROR;
				CLANG_WARN_UNREACHABLE_CODE = YES;
				CLANG_WARN__DUPLICATE_METHOD_MATCH = YES;
				"CODE_SIGN_IDENTITY[sdk=iphoneos*]" = "iPhone Developer";
				COPY_PHASE_STRIP = NO;
				DEBUG_INFORMATION_FORMAT = dwarf;
				ENABLE_STRICT_OBJC_MSGSEND = YES;
				ENABLE_TESTABILITY = YES;
				GCC_C_LANGUAGE_STANDARD = gnu99;
				GCC_DYNAMIC_NO_PIC = NO;
				GCC_NO_COMMON_BLOCKS = YES;
				GCC_OPTIMIZATION_LEVEL = 0;
				GCC_PREPROCESSOR_DEFINITIONS = (
					"DEBUG=1",
					"$(inherited)",
				);
				GCC_WARN_64_TO_32_BIT_CONVERSION = YES;
				GCC_WARN_ABOUT_RETURN_TYPE = YES_ERROR;
				GCC_WARN_UNDECLARED_SELECTOR = YES;
				GCC_WARN_UNINITIALIZED_AUTOS = YES_AGGRESSIVE;
				GCC_WARN_UNUSED_FUNCTION = YES;
				GCC_WARN_UNUSED_VARIABLE = YES;
				IPHONEOS_DEPLOYMENT_TARGET = 9.3;
				MTL_ENABLE_DEBUG_INFO = YES;
				ONLY_ACTIVE_ARCH = YES;
				SDKROOT = iphoneos;
				SWIFT_OPTIMIZATION_LEVEL = "-Onone";
			};
			name = Debug;
		};
		764FE7C91D8699DF00E89040 /* Release */ = {
			isa = XCBuildConfiguration;
			buildSettings = {
				ALWAYS_SEARCH_USER_PATHS = NO;
				CLANG_ANALYZER_NONNULL = YES;
				CLANG_CXX_LANGUAGE_STANDARD = "gnu++0x";
				CLANG_CXX_LIBRARY = "libc++";
				CLANG_ENABLE_MODULES = YES;
				CLANG_ENABLE_OBJC_ARC = YES;
				CLANG_WARN_BOOL_CONVERSION = YES;
				CLANG_WARN_CONSTANT_CONVERSION = YES;
				CLANG_WARN_DIRECT_OBJC_ISA_USAGE = YES_ERROR;
				CLANG_WARN_EMPTY_BODY = YES;
				CLANG_WARN_ENUM_CONVERSION = YES;
				CLANG_WARN_INT_CONVERSION = YES;
				CLANG_WARN_OBJC_ROOT_CLASS = YES_ERROR;
				CLANG_WARN_UNREACHABLE_CODE = YES;
				CLANG_WARN__DUPLICATE_METHOD_MATCH = YES;
				"CODE_SIGN_IDENTITY[sdk=iphoneos*]" = "iPhone Developer";
				COPY_PHASE_STRIP = NO;
				DEBUG_INFORMATION_FORMAT = "dwarf-with-dsym";
				ENABLE_NS_ASSERTIONS = NO;
				ENABLE_STRICT_OBJC_MSGSEND = YES;
				GCC_C_LANGUAGE_STANDARD = gnu99;
				GCC_NO_COMMON_BLOCKS = YES;
				GCC_WARN_64_TO_32_BIT_CONVERSION = YES;
				GCC_WARN_ABOUT_RETURN_TYPE = YES_ERROR;
				GCC_WARN_UNDECLARED_SELECTOR = YES;
				GCC_WARN_UNINITIALIZED_AUTOS = YES_AGGRESSIVE;
				GCC_WARN_UNUSED_FUNCTION = YES;
				GCC_WARN_UNUSED_VARIABLE = YES;
				IPHONEOS_DEPLOYMENT_TARGET = 9.3;
				MTL_ENABLE_DEBUG_INFO = NO;
				SDKROOT = iphoneos;
				VALIDATE_PRODUCT = YES;
			};
			name = Release;
		};
		764FE7CB1D8699DF00E89040 /* Debug */ = {
			isa = XCBuildConfiguration;
			buildSettings = {
				ASSETCATALOG_COMPILER_APPICON_NAME = AppIcon;
				INFOPLIST_FILE = togetheride/Info.plist;
				LD_RUNPATH_SEARCH_PATHS = "$(inherited) @executable_path/Frameworks";
				PRODUCT_BUNDLE_IDENTIFIER = com.togetheride;
				PRODUCT_NAME = "$(TARGET_NAME)";
			};
			name = Debug;
		};
		764FE7CC1D8699DF00E89040 /* Release */ = {
			isa = XCBuildConfiguration;
			buildSettings = {
				ASSETCATALOG_COMPILER_APPICON_NAME = AppIcon;
				INFOPLIST_FILE = togetheride/Info.plist;
				LD_RUNPATH_SEARCH_PATHS = "$(inherited) @executable_path/Frameworks";
				PRODUCT_BUNDLE_IDENTIFIER = com.togetheride;
				PRODUCT_NAME = "$(TARGET_NAME)";
			};
			name = Release;
		};
		764FE7CE1D8699DF00E89040 /* Debug */ = {
			isa = XCBuildConfiguration;
			buildSettings = {
				BUNDLE_LOADER = "$(TEST_HOST)";
				INFOPLIST_FILE = togetherideTests/Info.plist;
				LD_RUNPATH_SEARCH_PATHS = "$(inherited) @executable_path/Frameworks @loader_path/Frameworks";
				PRODUCT_BUNDLE_IDENTIFIER = com.togetherideTests;
				PRODUCT_NAME = "$(TARGET_NAME)";
				TEST_HOST = "$(BUILT_PRODUCTS_DIR)/togetheride.app/togetheride";
			};
			name = Debug;
		};
		764FE7CF1D8699DF00E89040 /* Release */ = {
			isa = XCBuildConfiguration;
			buildSettings = {
				BUNDLE_LOADER = "$(TEST_HOST)";
				INFOPLIST_FILE = togetherideTests/Info.plist;
				LD_RUNPATH_SEARCH_PATHS = "$(inherited) @executable_path/Frameworks @loader_path/Frameworks";
				PRODUCT_BUNDLE_IDENTIFIER = com.togetherideTests;
				PRODUCT_NAME = "$(TARGET_NAME)";
				TEST_HOST = "$(BUILT_PRODUCTS_DIR)/togetheride.app/togetheride";
			};
			name = Release;
		};
		764FE7D11D8699DF00E89040 /* Debug */ = {
			isa = XCBuildConfiguration;
			buildSettings = {
				INFOPLIST_FILE = togetherideUITests/Info.plist;
				LD_RUNPATH_SEARCH_PATHS = "$(inherited) @executable_path/Frameworks @loader_path/Frameworks";
				PRODUCT_BUNDLE_IDENTIFIER = com.togetherideUITests;
				PRODUCT_NAME = "$(TARGET_NAME)";
				TEST_TARGET_NAME = togetheride;
			};
			name = Debug;
		};
		764FE7D21D8699DF00E89040 /* Release */ = {
			isa = XCBuildConfiguration;
			buildSettings = {
				INFOPLIST_FILE = togetherideUITests/Info.plist;
				LD_RUNPATH_SEARCH_PATHS = "$(inherited) @executable_path/Frameworks @loader_path/Frameworks";
				PRODUCT_BUNDLE_IDENTIFIER = com.togetherideUITests;
				PRODUCT_NAME = "$(TARGET_NAME)";
				TEST_TARGET_NAME = togetheride;
			};
			name = Release;
		};
/* End XCBuildConfiguration section */

/* Begin XCConfigurationList section */
		764FE79D1D8699DD00E89040 /* Build configuration list for PBXProject "togetheride" */ = {
			isa = XCConfigurationList;
			buildConfigurations = (
				764FE7C81D8699DF00E89040 /* Debug */,
				764FE7C91D8699DF00E89040 /* Release */,
			);
			defaultConfigurationIsVisible = 0;
			defaultConfigurationName = Release;
		};
		764FE7CA1D8699DF00E89040 /* Build configuration list for PBXNativeTarget "togetheride" */ = {
			isa = XCConfigurationList;
			buildConfigurations = (
				764FE7CB1D8699DF00E89040 /* Debug */,
				764FE7CC1D8699DF00E89040 /* Release */,
			);
			defaultConfigurationIsVisible = 0;
			defaultConfigurationName = Release;
		};
		764FE7CD1D8699DF00E89040 /* Build configuration list for PBXNativeTarget "togetherideTests" */ = {
			isa = XCConfigurationList;
			buildConfigurations = (
				764FE7CE1D8699DF00E89040 /* Debug */,
				764FE7CF1D8699DF00E89040 /* Release */,
			);
			defaultConfigurationIsVisible = 0;
			defaultConfigurationName = Release;
		};
		764FE7D01D8699DF00E89040 /* Build configuration list for PBXNativeTarget "togetherideUITests" */ = {
			isa = XCConfigurationList;
			buildConfigurations = (
				764FE7D11D8699DF00E89040 /* Debug */,
				764FE7D21D8699DF00E89040 /* Release */,
			);
			defaultConfigurationIsVisible = 0;
			defaultConfigurationName = Release;
		};
/* End XCConfigurationList section */
	};
	rootObject = 764FE79A1D8699DD00E89040 /* Project object */;
}
